
Microsoft Visual Studio Solution File, Format Version 12.00
# Visual Studio 14
VisualStudioVersion = 14.0.25420.1
MinimumVisualStudioVersion = 10.0.40219.1
Project("{2150E333-8FDC-42A3-9474-1A3956D46DE8}") = "Source", "Source", "{6A9F43AB-0808-481F-B34C-D19D417DB1CA}"
EndProject
Project("{2150E333-8FDC-42A3-9474-1A3956D46DE8}") = "Tests", "Tests", "{4D72E754-EFDA-485A-A4DD-0C3D32C62BE6}"
EndProject
Project("{2150E333-8FDC-42A3-9474-1A3956D46DE8}") = "API", "API", "{12A517A4-F7BA-456E-A6B6-44A5F369F111}"
EndProject
Project("{2150E333-8FDC-42A3-9474-1A3956D46DE8}") = "Core", "Core", "{7FB3EE8C-F811-462B-892A-66F89E483349}"
EndProject
Project("{2150E333-8FDC-42A3-9474-1A3956D46DE8}") = "Infrastructure", "Infrastructure", "{3498E64D-5587-4576-9E85-E806912682F0}"
EndProject
Project("{8BB2217D-0F2D-49D1-97BC-3654ED321F3B}") = "Rosita.Invoice.API.Service", "Rosita.Invoice.API.Service\Rosita.Invoice.API.Service.xproj", "{2631A4F0-7BEA-4EAE-AB2A-A3F837E3A473}"
EndProject
Project("{8BB2217D-0F2D-49D1-97BC-3654ED321F3B}") = "Rosita.Invoice.Core", "Rosita.Invoice.Core\Rosita.Invoice.Core.xproj", "{F7E47CA5-E4DF-4982-B8E1-C6F6DDE50BA7}"
EndProject
Project("{8BB2217D-0F2D-49D1-97BC-3654ED321F3B}") = "Rosita.Core.Framework", "Rosita.Core.Framework\Rosita.Core.Framework.xproj", "{821841C8-9428-4268-A2E7-42ECE741AB0A}"
EndProject
Project("{8BB2217D-0F2D-49D1-97BC-3654ED321F3B}") = "Rosita.Infrastructure.Database", "Rosita.Infrastructure.Database\Rosita.Infrastructure.Database.xproj", "{CE9C434A-4B57-4761-BCD9-8149EF1044EB}"
EndProject
Project("{8BB2217D-0F2D-49D1-97BC-3654ED321F3B}") = "Rosita.XCutting", "Rosita.XCutting\Rosita.XCutting.xproj", "{F75024D6-8895-4329-BB72-EB4D594E937D}"
EndProject
Project("{8BB2217D-0F2D-49D1-97BC-3654ED321F3B}") = "Rosita.Invoice.API.DtoMessages", "Rosita.Invoice.API.DtoMessages\Rosita.Invoice.API.DtoMessages.xproj", "{A4804230-139C-441C-8E74-6462592610E3}"
EndProject
Project("{8BB2217D-0F2D-49D1-97BC-3654ED321F3B}") = "Rosita.Invoice.Core.Tests", "Rosita.Invoice.Core.Tests\Rosita.Invoice.Core.Tests.xproj", "{CAD5699C-FC4E-4020-A7A4-EDD99308FF76}"
EndProject
Global
	GlobalSection(SolutionConfigurationPlatforms) = preSolution
		Debug|Any CPU = Debug|Any CPU
		Release|Any CPU = Release|Any CPU
	EndGlobalSection
	GlobalSection(ProjectConfigurationPlatforms) = postSolution
		{2631A4F0-7BEA-4EAE-AB2A-A3F837E3A473}.Debug|Any CPU.ActiveCfg = Debug|Any CPU
		{2631A4F0-7BEA-4EAE-AB2A-A3F837E3A473}.Debug|Any CPU.Build.0 = Debug|Any CPU
		{2631A4F0-7BEA-4EAE-AB2A-A3F837E3A473}.Release|Any CPU.ActiveCfg = Release|Any CPU
		{2631A4F0-7BEA-4EAE-AB2A-A3F837E3A473}.Release|Any CPU.Build.0 = Release|Any CPU
		{F7E47CA5-E4DF-4982-B8E1-C6F6DDE50BA7}.Debug|Any CPU.ActiveCfg = Debug|Any CPU
		{F7E47CA5-E4DF-4982-B8E1-C6F6DDE50BA7}.Debug|Any CPU.Build.0 = Debug|Any CPU
		{F7E47CA5-E4DF-4982-B8E1-C6F6DDE50BA7}.Release|Any CPU.ActiveCfg = Release|Any CPU
		{F7E47CA5-E4DF-4982-B8E1-C6F6DDE50BA7}.Release|Any CPU.Build.0 = Release|Any CPU
		{821841C8-9428-4268-A2E7-42ECE741AB0A}.Debug|Any CPU.ActiveCfg = Debug|Any CPU
		{821841C8-9428-4268-A2E7-42ECE741AB0A}.Debug|Any CPU.Build.0 = Debug|Any CPU
		{821841C8-9428-4268-A2E7-42ECE741AB0A}.Release|Any CPU.ActiveCfg = Release|Any CPU
		{821841C8-9428-4268-A2E7-42ECE741AB0A}.Release|Any CPU.Build.0 = Release|Any CPU
		{CE9C434A-4B57-4761-BCD9-8149EF1044EB}.Debug|Any CPU.ActiveCfg = Debug|Any CPU
		{CE9C434A-4B57-4761-BCD9-8149EF1044EB}.Debug|Any CPU.Build.0 = Debug|Any CPU
		{CE9C434A-4B57-4761-BCD9-8149EF1044EB}.Release|Any CPU.ActiveCfg = Release|Any CPU
		{CE9C434A-4B57-4761-BCD9-8149EF1044EB}.Release|Any CPU.Build.0 = Release|Any CPU
		{F75024D6-8895-4329-BB72-EB4D594E937D}.Debug|Any CPU.ActiveCfg = Debug|Any CPU
		{F75024D6-8895-4329-BB72-EB4D594E937D}.Debug|Any CPU.Build.0 = Debug|Any CPU
		{F75024D6-8895-4329-BB72-EB4D594E937D}.Release|Any CPU.ActiveCfg = Release|Any CPU
		{F75024D6-8895-4329-BB72-EB4D594E937D}.Release|Any CPU.Build.0 = Release|Any CPU
		{A4804230-139C-441C-8E74-6462592610E3}.Debug|Any CPU.ActiveCfg = Debug|Any CPU
		{A4804230-139C-441C-8E74-6462592610E3}.Debug|Any CPU.Build.0 = Debug|Any CPU
		{A4804230-139C-441C-8E74-6462592610E3}.Release|Any CPU.ActiveCfg = Release|Any CPU
		{A4804230-139C-441C-8E74-6462592610E3}.Release|Any CPU.Build.0 = Release|Any CPU
		{CAD5699C-FC4E-4020-A7A4-EDD99308FF76}.Debug|Any CPU.ActiveCfg = Debug|Any CPU
		{CAD5699C-FC4E-4020-A7A4-EDD99308FF76}.Debug|Any CPU.Build.0 = Debug|Any CPU
		{CAD5699C-FC4E-4020-A7A4-EDD99308FF76}.Release|Any CPU.ActiveCfg = Release|Any CPU
		{CAD5699C-FC4E-4020-A7A4-EDD99308FF76}.Release|Any CPU.Build.0 = Release|Any CPU
	EndGlobalSection
	GlobalSection(SolutionProperties) = preSolution
		HideSolutionNode = FALSE
	EndGlobalSection
	GlobalSection(NestedProjects) = preSolution
		{12A517A4-F7BA-456E-A6B6-44A5F369F111} = {6A9F43AB-0808-481F-B34C-D19D417DB1CA}
		{7FB3EE8C-F811-462B-892A-66F89E483349} = {6A9F43AB-0808-481F-B34C-D19D417DB1CA}
		{3498E64D-5587-4576-9E85-E806912682F0} = {6A9F43AB-0808-481F-B34C-D19D417DB1CA}
		{2631A4F0-7BEA-4EAE-AB2A-A3F837E3A473} = {12A517A4-F7BA-456E-A6B6-44A5F369F111}
		{F7E47CA5-E4DF-4982-B8E1-C6F6DDE50BA7} = {7FB3EE8C-F811-462B-892A-66F89E483349}
		{821841C8-9428-4268-A2E7-42ECE741AB0A} = {7FB3EE8C-F811-462B-892A-66F89E483349}
		{CE9C434A-4B57-4761-BCD9-8149EF1044EB} = {3498E64D-5587-4576-9E85-E806912682F0}
		{F75024D6-8895-4329-BB72-EB4D594E937D} = {6A9F43AB-0808-481F-B34C-D19D417DB1CA}
		{A4804230-139C-441C-8E74-6462592610E3} = {12A517A4-F7BA-456E-A6B6-44A5F369F111}
		{CAD5699C-FC4E-4020-A7A4-EDD99308FF76} = {4D72E754-EFDA-485A-A4DD-0C3D32C62BE6}
	EndGlobalSection
EndGlobal
